
Microsoft Visual Studio Solution File, Format Version 12.00
# Visual Studio Version 17
VisualStudioVersion = 17.3.32929.385
MinimumVisualStudioVersion = 10.0.40219.1
Project("{FAE04EC0-301F-11D3-BF4B-00C04F79EFBC}") = "LabsThirdCourse", "LabsThirdCourse.csproj", "{46604B88-ECC0-456D-AFE1-F974A6E7008E}"
EndProject
Global
	GlobalSection(SolutionConfigurationPlatforms) = preSolution
		Debug|Any CPU = Debug|Any CPU
		Release|Any CPU = Release|Any CPU
	EndGlobalSection
	GlobalSection(ProjectConfigurationPlatforms) = postSolution
		{46604B88-ECC0-456D-AFE1-F974A6E7008E}.Debug|Any CPU.ActiveCfg = Debug|Any CPU
		{46604B88-ECC0-456D-AFE1-F974A6E7008E}.Debug|Any CPU.Build.0 = Debug|Any CPU
		{46604B88-ECC0-456D-AFE1-F974A6E7008E}.Release|Any CPU.ActiveCfg = Release|Any CPU
		{46604B88-ECC0-456D-AFE1-F974A6E7008E}.Release|Any CPU.Build.0 = Release|Any CPU
	EndGlobalSection
	GlobalSection(SolutionProperties) = preSolution
		HideSolutionNode = FALSE
	EndGlobalSection
	GlobalSection(ExtensibilityGlobals) = postSolution
		SolutionGuid = {E5BF18AD-38D7-4EEE-BEA8-420F50387D61}
	EndGlobalSection
EndGlobal
